// !$*UTF8*$!
{
	archiveVersion = 1;
	classes = {
	};
	objectVersion = 56;
	objects = {

/* Begin PBXBuildFile section */
		1243858D2BB83C0C00DB1ED4 /* MainAppApp.swift in Sources */ = {isa = PBXBuildFile; fileRef = 1243858C2BB83C0C00DB1ED4 /* MainAppApp.swift */; };
		1243858F2BB83C0C00DB1ED4 /* ContentView.swift in Sources */ = {isa = PBXBuildFile; fileRef = 1243858E2BB83C0C00DB1ED4 /* ContentView.swift */; };
		124385912BB83C0C00DB1ED4 /* Assets.xcassets in Resources */ = {isa = PBXBuildFile; fileRef = 124385902BB83C0C00DB1ED4 /* Assets.xcassets */; };
		124385942BB83C0C00DB1ED4 /* Preview Assets.xcassets in Resources */ = {isa = PBXBuildFile; fileRef = 124385932BB83C0C00DB1ED4 /* Preview Assets.xcassets */; };
		1243859E2BB83C0C00DB1ED4 /* MainAppTests.swift in Sources */ = {isa = PBXBuildFile; fileRef = 1243859D2BB83C0C00DB1ED4 /* MainAppTests.swift */; };
		124385A82BB83C0C00DB1ED4 /* MainAppUITests.swift in Sources */ = {isa = PBXBuildFile; fileRef = 124385A72BB83C0C00DB1ED4 /* MainAppUITests.swift */; };
		124385AA2BB83C0C00DB1ED4 /* MainAppUITestsLaunchTests.swift in Sources */ = {isa = PBXBuildFile; fileRef = 124385A92BB83C0C00DB1ED4 /* MainAppUITestsLaunchTests.swift */; };
		124385B82BB83C5000DB1ED4 /* FindMyIPLibrary in Frameworks */ = {isa = PBXBuildFile; productRef = 124385B72BB83C5000DB1ED4 /* FindMyIPLibrary */; };
/* End PBXBuildFile section */

/* Begin PBXContainerItemProxy section */
		1243859A2BB83C0C00DB1ED4 /* PBXContainerItemProxy */ = {
			isa = PBXContainerItemProxy;
			containerPortal = 124385812BB83C0C00DB1ED4 /* Project object */;
			proxyType = 1;
			remoteGlobalIDString = 124385882BB83C0C00DB1ED4;
			remoteInfo = MainApp;
		};
		124385A42BB83C0C00DB1ED4 /* PBXContainerItemProxy */ = {
			isa = PBXContainerItemProxy;
			containerPortal = 124385812BB83C0C00DB1ED4 /* Project object */;
			proxyType = 1;
			remoteGlobalIDString = 124385882BB83C0C00DB1ED4;
			remoteInfo = MainApp;
		};
/* End PBXContainerItemProxy section */

/* Begin PBXFileReference section */
		124385892BB83C0C00DB1ED4 /* MainApp.app */ = {isa = PBXFileReference; explicitFileType = wrapper.application; includeInIndex = 0; path = MainApp.app; sourceTree = BUILT_PRODUCTS_DIR; };
		1243858C2BB83C0C00DB1ED4 /* MainAppApp.swift */ = {isa = PBXFileReference; lastKnownFileType = sourcecode.swift; path = MainAppApp.swift; sourceTree = "<group>"; };
		1243858E2BB83C0C00DB1ED4 /* ContentView.swift */ = {isa = PBXFileReference; lastKnownFileType = sourcecode.swift; path = ContentView.swift; sourceTree = "<group>"; };
		124385902BB83C0C00DB1ED4 /* Assets.xcassets */ = {isa = PBXFileReference; lastKnownFileType = folder.assetcatalog; path = Assets.xcassets; sourceTree = "<group>"; };
		124385932BB83C0C00DB1ED4 /* Preview Assets.xcassets */ = {isa = PBXFileReference; lastKnownFileType = folder.assetcatalog; path = "Preview Assets.xcassets"; sourceTree = "<group>"; };
		124385992BB83C0C00DB1ED4 /* MainAppTests.xctest */ = {isa = PBXFileReference; explicitFileType = wrapper.cfbundle; includeInIndex = 0; path = MainAppTests.xctest; sourceTree = BUILT_PRODUCTS_DIR; };
		1243859D2BB83C0C00DB1ED4 /* MainAppTests.swift */ = {isa = PBXFileReference; lastKnownFileType = sourcecode.swift; path = MainAppTests.swift; sourceTree = "<group>"; };
		124385A32BB83C0C00DB1ED4 /* MainAppUITests.xctest */ = {isa = PBXFileReference; explicitFileType = wrapper.cfbundle; includeInIndex = 0; path = MainAppUITests.xctest; sourceTree = BUILT_PRODUCTS_DIR; };
		124385A72BB83C0C00DB1ED4 /* MainAppUITests.swift */ = {isa = PBXFileReference; lastKnownFileType = sourcecode.swift; path = MainAppUITests.swift; sourceTree = "<group>"; };
		124385A92BB83C0C00DB1ED4 /* MainAppUITestsLaunchTests.swift */ = {isa = PBXFileReference; lastKnownFileType = sourcecode.swift; path = MainAppUITestsLaunchTests.swift; sourceTree = "<group>"; };
/* End PBXFileReference section */

/* Begin PBXFrameworksBuildPhase section */
		124385862BB83C0C00DB1ED4 /* Frameworks */ = {
			isa = PBXFrameworksBuildPhase;
			buildActionMask = 2147483647;
			files = (
				124385B82BB83C5000DB1ED4 /* FindMyIPLibrary in Frameworks */,
			);
			runOnlyForDeploymentPostprocessing = 0;
		};
		124385962BB83C0C00DB1ED4 /* Frameworks */ = {
			isa = PBXFrameworksBuildPhase;
			buildActionMask = 2147483647;
			files = (
			);
			runOnlyForDeploymentPostprocessing = 0;
		};
		124385A02BB83C0C00DB1ED4 /* Frameworks */ = {
			isa = PBXFrameworksBuildPhase;
			buildActionMask = 2147483647;
			files = (
			);
			runOnlyForDeploymentPostprocessing = 0;
		};
/* End PBXFrameworksBuildPhase section */

/* Begin PBXGroup section */
		124385802BB83C0C00DB1ED4 = {
			isa = PBXGroup;
			children = (
				1243858B2BB83C0C00DB1ED4 /* MainApp */,
				1243859C2BB83C0C00DB1ED4 /* MainAppTests */,
				124385A62BB83C0C00DB1ED4 /* MainAppUITests */,
				1243858A2BB83C0C00DB1ED4 /* Products */,
			);
			sourceTree = "<group>";
		};
		1243858A2BB83C0C00DB1ED4 /* Products */ = {
			isa = PBXGroup;
			children = (
				124385892BB83C0C00DB1ED4 /* MainApp.app */,
				124385992BB83C0C00DB1ED4 /* MainAppTests.xctest */,
				124385A32BB83C0C00DB1ED4 /* MainAppUITests.xctest */,
			);
			name = Products;
			sourceTree = "<group>";
		};
		1243858B2BB83C0C00DB1ED4 /* MainApp */ = {
			isa = PBXGroup;
			children = (
				1243858C2BB83C0C00DB1ED4 /* MainAppApp.swift */,
				1243858E2BB83C0C00DB1ED4 /* ContentView.swift */,
				124385902BB83C0C00DB1ED4 /* Assets.xcassets */,
				124385922BB83C0C00DB1ED4 /* Preview Content */,
			);
			path = MainApp;
			sourceTree = "<group>";
		};
		124385922BB83C0C00DB1ED4 /* Preview Content */ = {
			isa = PBXGroup;
			children = (
				124385932BB83C0C00DB1ED4 /* Preview Assets.xcassets */,
			);
			path = "Preview Content";
			sourceTree = "<group>";
		};
		1243859C2BB83C0C00DB1ED4 /* MainAppTests */ = {
			isa = PBXGroup;
			children = (
				1243859D2BB83C0C00DB1ED4 /* MainAppTests.swift */,
			);
			path = MainAppTests;
			sourceTree = "<group>";
		};
		124385A62BB83C0C00DB1ED4 /* MainAppUITests */ = {
			isa = PBXGroup;
			children = (
				124385A72BB83C0C00DB1ED4 /* MainAppUITests.swift */,
				124385A92BB83C0C00DB1ED4 /* MainAppUITestsLaunchTests.swift */,
			);
			path = MainAppUITests;
			sourceTree = "<group>";
		};
/* End PBXGroup section */

/* Begin PBXNativeTarget section */
		124385882BB83C0C00DB1ED4 /* MainApp */ = {
			isa = PBXNativeTarget;
			buildConfigurationList = 124385AD2BB83C0C00DB1ED4 /* Build configuration list for PBXNativeTarget "MainApp" */;
			buildPhases = (
				124385852BB83C0C00DB1ED4 /* Sources */,
				124385862BB83C0C00DB1ED4 /* Frameworks */,
				124385872BB83C0C00DB1ED4 /* Resources */,
			);
			buildRules = (
			);
			dependencies = (
			);
			name = MainApp;
			packageProductDependencies = (
				124385B72BB83C5000DB1ED4 /* FindMyIPLibrary */,
			);
			productName = MainApp;
			productReference = 124385892BB83C0C00DB1ED4 /* MainApp.app */;
			productType = "com.apple.product-type.application";
		};
		124385982BB83C0C00DB1ED4 /* MainAppTests */ = {
			isa = PBXNativeTarget;
			buildConfigurationList = 124385B02BB83C0C00DB1ED4 /* Build configuration list for PBXNativeTarget "MainAppTests" */;
			buildPhases = (
				124385952BB83C0C00DB1ED4 /* Sources */,
				124385962BB83C0C00DB1ED4 /* Frameworks */,
				124385972BB83C0C00DB1ED4 /* Resources */,
			);
			buildRules = (
			);
			dependencies = (
				1243859B2BB83C0C00DB1ED4 /* PBXTargetDependency */,
			);
			name = MainAppTests;
			productName = MainAppTests;
			productReference = 124385992BB83C0C00DB1ED4 /* MainAppTests.xctest */;
			productType = "com.apple.product-type.bundle.unit-test";
		};
		124385A22BB83C0C00DB1ED4 /* MainAppUITests */ = {
			isa = PBXNativeTarget;
			buildConfigurationList = 124385B32BB83C0C00DB1ED4 /* Build configuration list for PBXNativeTarget "MainAppUITests" */;
			buildPhases = (
				1243859F2BB83C0C00DB1ED4 /* Sources */,
				124385A02BB83C0C00DB1ED4 /* Frameworks */,
				124385A12BB83C0C00DB1ED4 /* Resources */,
			);
			buildRules = (
			);
			dependencies = (
				124385A52BB83C0C00DB1ED4 /* PBXTargetDependency */,
			);
			name = MainAppUITests;
			productName = MainAppUITests;
			productReference = 124385A32BB83C0C00DB1ED4 /* MainAppUITests.xctest */;
			productType = "com.apple.product-type.bundle.ui-testing";
		};
/* End PBXNativeTarget section */

/* Begin PBXProject section */
		124385812BB83C0C00DB1ED4 /* Project object */ = {
			isa = PBXProject;
			attributes = {
				BuildIndependentTargetsInParallel = 1;
				LastSwiftUpdateCheck = 1420;
				LastUpgradeCheck = 1420;
				TargetAttributes = {
					124385882BB83C0C00DB1ED4 = {
						CreatedOnToolsVersion = 14.2;
					};
					124385982BB83C0C00DB1ED4 = {
						CreatedOnToolsVersion = 14.2;
						TestTargetID = 124385882BB83C0C00DB1ED4;
					};
					124385A22BB83C0C00DB1ED4 = {
						CreatedOnToolsVersion = 14.2;
						TestTargetID = 124385882BB83C0C00DB1ED4;
					};
				};
			};
			buildConfigurationList = 124385842BB83C0C00DB1ED4 /* Build configuration list for PBXProject "MainApp" */;
			compatibilityVersion = "Xcode 14.0";
			developmentRegion = en;
			hasScannedForEncodings = 0;
			knownRegions = (
				en,
				Base,
			);
			mainGroup = 124385802BB83C0C00DB1ED4;
			packageReferences = (
				124385B62BB83C5000DB1ED4 /* XCRemoteSwiftPackageReference "FindMyIP" */,
			);
			productRefGroup = 1243858A2BB83C0C00DB1ED4 /* Products */;
			projectDirPath = "";
			projectRoot = "";
			targets = (
				124385882BB83C0C00DB1ED4 /* MainApp */,
				124385982BB83C0C00DB1ED4 /* MainAppTests */,
				124385A22BB83C0C00DB1ED4 /* MainAppUITests */,
			);
		};
/* End PBXProject section */

/* Begin PBXResourcesBuildPhase section */
		124385872BB83C0C00DB1ED4 /* Resources */ = {
			isa = PBXResourcesBuildPhase;
			buildActionMask = 2147483647;
			files = (
				124385942BB83C0C00DB1ED4 /* Preview Assets.xcassets in Resources */,
				124385912BB83C0C00DB1ED4 /* Assets.xcassets in Resources */,
			);
			runOnlyForDeploymentPostprocessing = 0;
		};
		124385972BB83C0C00DB1ED4 /* Resources */ = {
			isa = PBXResourcesBuildPhase;
			buildActionMask = 2147483647;
			files = (
			);
			runOnlyForDeploymentPostprocessing = 0;
		};
		124385A12BB83C0C00DB1ED4 /* Resources */ = {
			isa = PBXResourcesBuildPhase;
			buildActionMask = 2147483647;
			files = (
			);
			runOnlyForDeploymentPostprocessing = 0;
		};
/* End PBXResourcesBuildPhase section */

/* Begin PBXSourcesBuildPhase section */
		124385852BB83C0C00DB1ED4 /* Sources */ = {
			isa = PBXSourcesBuildPhase;
			buildActionMask = 2147483647;
			files = (
				1243858F2BB83C0C00DB1ED4 /* ContentView.swift in Sources */,
				1243858D2BB83C0C00DB1ED4 /* MainAppApp.swift in Sources */,
			);
			runOnlyForDeploymentPostprocessing = 0;
		};
		124385952BB83C0C00DB1ED4 /* Sources */ = {
			isa = PBXSourcesBuildPhase;
			buildActionMask = 2147483647;
			files = (
				1243859E2BB83C0C00DB1ED4 /* MainAppTests.swift in Sources */,
			);
			runOnlyForDeploymentPostprocessing = 0;
		};
		1243859F2BB83C0C00DB1ED4 /* Sources */ = {
			isa = PBXSourcesBuildPhase;
			buildActionMask = 2147483647;
			files = (
				124385A82BB83C0C00DB1ED4 /* MainAppUITests.swift in Sources */,
				124385AA2BB83C0C00DB1ED4 /* MainAppUITestsLaunchTests.swift in Sources */,
			);
			runOnlyForDeploymentPostprocessing = 0;
		};
/* End PBXSourcesBuildPhase section */

/* Begin PBXTargetDependency section */
		1243859B2BB83C0C00DB1ED4 /* PBXTargetDependency */ = {
			isa = PBXTargetDependency;
			target = 124385882BB83C0C00DB1ED4 /* MainApp */;
			targetProxy = 1243859A2BB83C0C00DB1ED4 /* PBXContainerItemProxy */;
		};
		124385A52BB83C0C00DB1ED4 /* PBXTargetDependency */ = {
			isa = PBXTargetDependency;
			target = 124385882BB83C0C00DB1ED4 /* MainApp */;
			targetProxy = 124385A42BB83C0C00DB1ED4 /* PBXContainerItemProxy */;
		};
/* End PBXTargetDependency section */

/* Begin XCBuildConfiguration section */
		124385AB2BB83C0C00DB1ED4 /* Debug */ = {
			isa = XCBuildConfiguration;
			buildSettings = {
				ALWAYS_SEARCH_USER_PATHS = NO;
				CLANG_ANALYZER_NONNULL = YES;
				CLANG_ANALYZER_NUMBER_OBJECT_CONVERSION = YES_AGGRESSIVE;
				CLANG_CXX_LANGUAGE_STANDARD = "gnu++20";
				CLANG_ENABLE_MODULES = YES;
				CLANG_ENABLE_OBJC_ARC = YES;
				CLANG_ENABLE_OBJC_WEAK = YES;
				CLANG_WARN_BLOCK_CAPTURE_AUTORELEASING = YES;
				CLANG_WARN_BOOL_CONVERSION = YES;
				CLANG_WARN_COMMA = YES;
				CLANG_WARN_CONSTANT_CONVERSION = YES;
				CLANG_WARN_DEPRECATED_OBJC_IMPLEMENTATIONS = YES;
				CLANG_WARN_DIRECT_OBJC_ISA_USAGE = YES_ERROR;
				CLANG_WARN_DOCUMENTATION_COMMENTS = YES;
				CLANG_WARN_EMPTY_BODY = YES;
				CLANG_WARN_ENUM_CONVERSION = YES;
				CLANG_WARN_INFINITE_RECURSION = YES;
				CLANG_WARN_INT_CONVERSION = YES;
				CLANG_WARN_NON_LITERAL_NULL_CONVERSION = YES;
				CLANG_WARN_OBJC_IMPLICIT_RETAIN_SELF = YES;
				CLANG_WARN_OBJC_LITERAL_CONVERSION = YES;
				CLANG_WARN_OBJC_ROOT_CLASS = YES_ERROR;
				CLANG_WARN_QUOTED_INCLUDE_IN_FRAMEWORK_HEADER = YES;
				CLANG_WARN_RANGE_LOOP_ANALYSIS = YES;
				CLANG_WARN_STRICT_PROTOTYPES = YES;
				CLANG_WARN_SUSPICIOUS_MOVE = YES;
				CLANG_WARN_UNGUARDED_AVAILABILITY = YES_AGGRESSIVE;
				CLANG_WARN_UNREACHABLE_CODE = YES;
				CLANG_WARN__DUPLICATE_METHOD_MATCH = YES;
				COPY_PHASE_STRIP = NO;
				DEBUG_INFORMATION_FORMAT = dwarf;
				ENABLE_STRICT_OBJC_MSGSEND = YES;
				ENABLE_TESTABILITY = YES;
				GCC_C_LANGUAGE_STANDARD = gnu11;
				GCC_DYNAMIC_NO_PIC = NO;
				GCC_NO_COMMON_BLOCKS = YES;
				GCC_OPTIMIZATION_LEVEL = 0;
				GCC_PREPROCESSOR_DEFINITIONS = (
					"DEBUG=1",
					"$(inherited)",
				);
				GCC_WARN_64_TO_32_BIT_CONVERSION = YES;
				GCC_WARN_ABOUT_RETURN_TYPE = YES_ERROR;
				GCC_WARN_UNDECLARED_SELECTOR = YES;
				GCC_WARN_UNINITIALIZED_AUTOS = YES_AGGRESSIVE;
				GCC_WARN_UNUSED_FUNCTION = YES;
				GCC_WARN_UNUSED_VARIABLE = YES;
				IPHONEOS_DEPLOYMENT_TARGET = 16.2;
				MTL_ENABLE_DEBUG_INFO = INCLUDE_SOURCE;
				MTL_FAST_MATH = YES;
				ONLY_ACTIVE_ARCH = NO;
				SDKROOT = iphoneos;
				SWIFT_ACTIVE_COMPILATION_CONDITIONS = DEBUG;
				SWIFT_OPTIMIZATION_LEVEL = "-Onone";
			};
			name = Debug;
		};
		124385AC2BB83C0C00DB1ED4 /* Release */ = {
			isa = XCBuildConfiguration;
			buildSettings = {
				ALWAYS_SEARCH_USER_PATHS = NO;
				CLANG_ANALYZER_NONNULL = YES;
				CLANG_ANALYZER_NUMBER_OBJECT_CONVERSION = YES_AGGRESSIVE;
				CLANG_CXX_LANGUAGE_STANDARD = "gnu++20";
				CLANG_ENABLE_MODULES = YES;
				CLANG_ENABLE_OBJC_ARC = YES;
				CLANG_ENABLE_OBJC_WEAK = YES;
				CLANG_WARN_BLOCK_CAPTURE_AUTORELEASING = YES;
				CLANG_WARN_BOOL_CONVERSION = YES;
				CLANG_WARN_COMMA = YES;
				CLANG_WARN_CONSTANT_CONVERSION = YES;
				CLANG_WARN_DEPRECATED_OBJC_IMPLEMENTATIONS = YES;
				CLANG_WARN_DIRECT_OBJC_ISA_USAGE = YES_ERROR;
				CLANG_WARN_DOCUMENTATION_COMMENTS = YES;
				CLANG_WARN_EMPTY_BODY = YES;
				CLANG_WARN_ENUM_CONVERSION = YES;
				CLANG_WARN_INFINITE_RECURSION = YES;
				CLANG_WARN_INT_CONVERSION = YES;
				CLANG_WARN_NON_LITERAL_NULL_CONVERSION = YES;
				CLANG_WARN_OBJC_IMPLICIT_RETAIN_SELF = YES;
				CLANG_WARN_OBJC_LITERAL_CONVERSION = YES;
				CLANG_WARN_OBJC_ROOT_CLASS = YES_ERROR;
				CLANG_WARN_QUOTED_INCLUDE_IN_FRAMEWORK_HEADER = YES;
				CLANG_WARN_RANGE_LOOP_ANALYSIS = YES;
				CLANG_WARN_STRICT_PROTOTYPES = YES;
				CLANG_WARN_SUSPICIOUS_MOVE = YES;
				CLANG_WARN_UNGUARDED_AVAILABILITY = YES_AGGRESSIVE;
				CLANG_WARN_UNREACHABLE_CODE = YES;
				CLANG_WARN__DUPLICATE_METHOD_MATCH = YES;
				COPY_PHASE_STRIP = NO;
				DEBUG_INFORMATION_FORMAT = "dwarf-with-dsym";
				ENABLE_NS_ASSERTIONS = NO;
				ENABLE_STRICT_OBJC_MSGSEND = YES;
				GCC_C_LANGUAGE_STANDARD = gnu11;
				GCC_NO_COMMON_BLOCKS = YES;
				GCC_WARN_64_TO_32_BIT_CONVERSION = YES;
				GCC_WARN_ABOUT_RETURN_TYPE = YES_ERROR;
				GCC_WARN_UNDECLARED_SELECTOR = YES;
				GCC_WARN_UNINITIALIZED_AUTOS = YES_AGGRESSIVE;
				GCC_WARN_UNUSED_FUNCTION = YES;
				GCC_WARN_UNUSED_VARIABLE = YES;
				IPHONEOS_DEPLOYMENT_TARGET = 16.2;
				MTL_ENABLE_DEBUG_INFO = NO;
				MTL_FAST_MATH = YES;
				ONLY_ACTIVE_ARCH = NO;
				SDKROOT = iphoneos;
				SWIFT_COMPILATION_MODE = wholemodule;
				SWIFT_OPTIMIZATION_LEVEL = "-O";
				VALIDATE_PRODUCT = YES;
			};
			name = Release;
		};
		124385AE2BB83C0C00DB1ED4 /* Debug */ = {
			isa = XCBuildConfiguration;
			buildSettings = {
				ASSETCATALOG_COMPILER_APPICON_NAME = AppIcon;
				ASSETCATALOG_COMPILER_GLOBAL_ACCENT_COLOR_NAME = AccentColor;
				CODE_SIGN_STYLE = Automatic;
				CURRENT_PROJECT_VERSION = 1;
				DEVELOPMENT_ASSET_PATHS = "\"MainApp/Preview Content\"";
				ENABLE_PREVIEWS = YES;
				GENERATE_INFOPLIST_FILE = YES;
				INFOPLIST_KEY_UIApplicationSceneManifest_Generation = YES;
				INFOPLIST_KEY_UIApplicationSupportsIndirectInputEvents = YES;
				INFOPLIST_KEY_UILaunchScreen_Generation = YES;
				INFOPLIST_KEY_UISupportedInterfaceOrientations_iPad = "UIInterfaceOrientationPortrait UIInterfaceOrientationPortraitUpsideDown UIInterfaceOrientationLandscapeLeft UIInterfaceOrientationLandscapeRight";
				INFOPLIST_KEY_UISupportedInterfaceOrientations_iPhone = "UIInterfaceOrientationPortrait UIInterfaceOrientationLandscapeLeft UIInterfaceOrientationLandscapeRight";
				LD_RUNPATH_SEARCH_PATHS = (
					"$(inherited)",
					"@executable_path/Frameworks",
				);
				MARKETING_VERSION = 1.0;
				PRODUCT_BUNDLE_IDENTIFIER = com.paraminfo.MainApp;
				PRODUCT_NAME = "$(TARGET_NAME)";
				SWIFT_EMIT_LOC_STRINGS = YES;
				SWIFT_VERSION = 5.0;
				TARGETED_DEVICE_FAMILY = "1,2";
			};
			name = Debug;
		};
		124385AF2BB83C0C00DB1ED4 /* Release */ = {
			isa = XCBuildConfiguration;
			buildSettings = {
				ASSETCATALOG_COMPILER_APPICON_NAME = AppIcon;
				ASSETCATALOG_COMPILER_GLOBAL_ACCENT_COLOR_NAME = AccentColor;
				CODE_SIGN_STYLE = Automatic;
				CURRENT_PROJECT_VERSION = 1;
				DEVELOPMENT_ASSET_PATHS = "\"MainApp/Preview Content\"";
				ENABLE_PREVIEWS = YES;
				GENERATE_INFOPLIST_FILE = YES;
				INFOPLIST_KEY_UIApplicationSceneManifest_Generation = YES;
				INFOPLIST_KEY_UIApplicationSupportsIndirectInputEvents = YES;
				INFOPLIST_KEY_UILaunchScreen_Generation = YES;
				INFOPLIST_KEY_UISupportedInterfaceOrientations_iPad = "UIInterfaceOrientationPortrait UIInterfaceOrientationPortraitUpsideDown UIInterfaceOrientationLandscapeLeft UIInterfaceOrientationLandscapeRight";
				INFOPLIST_KEY_UISupportedInterfaceOrientations_iPhone = "UIInterfaceOrientationPortrait UIInterfaceOrientationLandscapeLeft UIInterfaceOrientationLandscapeRight";
				LD_RUNPATH_SEARCH_PATHS = (
					"$(inherited)",
					"@executable_path/Frameworks",
				);
				MARKETING_VERSION = 1.0;
				PRODUCT_BUNDLE_IDENTIFIER = com.paraminfo.MainApp;
				PRODUCT_NAME = "$(TARGET_NAME)";
				SWIFT_EMIT_LOC_STRINGS = YES;
				SWIFT_VERSION = 5.0;
				TARGETED_DEVICE_FAMILY = "1,2";
			};
			name = Release;
		};
		124385B12BB83C0C00DB1ED4 /* Debug */ = {
			isa = XCBuildConfiguration;
			buildSettings = {
				ALWAYS_EMBED_SWIFT_STANDARD_LIBRARIES = YES;
				BUNDLE_LOADER = "$(TEST_HOST)";
				CODE_SIGN_STYLE = Automatic;
				CURRENT_PROJECT_VERSION = 1;
				GENERATE_INFOPLIST_FILE = YES;
				IPHONEOS_DEPLOYMENT_TARGET = 16.2;
				MARKETING_VERSION = 1.0;
				PRODUCT_BUNDLE_IDENTIFIER = com.paraminfo.MainAppTests;
				PRODUCT_NAME = "$(TARGET_NAME)";
				SWIFT_EMIT_LOC_STRINGS = NO;
				SWIFT_VERSION = 5.0;
				TARGETED_DEVICE_FAMILY = "1,2";
				TEST_HOST = "$(BUILT_PRODUCTS_DIR)/MainApp.app/$(BUNDLE_EXECUTABLE_FOLDER_PATH)/MainApp";
			};
			name = Debug;
		};
		124385B22BB83C0C00DB1ED4 /* Release */ = {
			isa = XCBuildConfiguration;
			buildSettings = {
				ALWAYS_EMBED_SWIFT_STANDARD_LIBRARIES = YES;
				BUNDLE_LOADER = "$(TEST_HOST)";
				CODE_SIGN_STYLE = Automatic;
				CURRENT_PROJECT_VERSION = 1;
				GENERATE_INFOPLIST_FILE = YES;
				IPHONEOS_DEPLOYMENT_TARGET = 16.2;
				MARKETING_VERSION = 1.0;
				PRODUCT_BUNDLE_IDENTIFIER = com.paraminfo.MainAppTests;
				PRODUCT_NAME = "$(TARGET_NAME)";
				SWIFT_EMIT_LOC_STRINGS = NO;
				SWIFT_VERSION = 5.0;
				TARGETED_DEVICE_FAMILY = "1,2";
				TEST_HOST = "$(BUILT_PRODUCTS_DIR)/MainApp.app/$(BUNDLE_EXECUTABLE_FOLDER_PATH)/MainApp";
			};
			name = Release;
		};
		124385B42BB83C0C00DB1ED4 /* Debug */ = {
			isa = XCBuildConfiguration;
			buildSettings = {
				ALWAYS_EMBED_SWIFT_STANDARD_LIBRARIES = YES;
				CODE_SIGN_STYLE = Automatic;
				CURRENT_PROJECT_VERSION = 1;
				GENERATE_INFOPLIST_FILE = YES;
				MARKETING_VERSION = 1.0;
				PRODUCT_BUNDLE_IDENTIFIER = com.paraminfo.MainAppUITests;
				PRODUCT_NAME = "$(TARGET_NAME)";
				SWIFT_EMIT_LOC_STRINGS = NO;
				SWIFT_VERSION = 5.0;
				TARGETED_DEVICE_FAMILY = "1,2";
				TEST_TARGET_NAME = MainApp;
			};
			name = Debug;
		};
		124385B52BB83C0C00DB1ED4 /* Release */ = {
			isa = XCBuildConfiguration;
			buildSettings = {
				ALWAYS_EMBED_SWIFT_STANDARD_LIBRARIES = YES;
				CODE_SIGN_STYLE = Automatic;
				CURRENT_PROJECT_VERSION = 1;
				GENERATE_INFOPLIST_FILE = YES;
				MARKETING_VERSION = 1.0;
				PRODUCT_BUNDLE_IDENTIFIER = com.paraminfo.MainAppUITests;
				PRODUCT_NAME = "$(TARGET_NAME)";
				SWIFT_EMIT_LOC_STRINGS = NO;
				SWIFT_VERSION = 5.0;
				TARGETED_DEVICE_FAMILY = "1,2";
				TEST_TARGET_NAME = MainApp;
			};
			name = Release;
		};
/* End XCBuildConfiguration section */

/* Begin XCConfigurationList section */
		124385842BB83C0C00DB1ED4 /* Build configuration list for PBXProject "MainApp" */ = {
			isa = XCConfigurationList;
			buildConfigurations = (
				124385AB2BB83C0C00DB1ED4 /* Debug */,
				124385AC2BB83C0C00DB1ED4 /* Release */,
			);
			defaultConfigurationIsVisible = 0;
			defaultConfigurationName = Release;
		};
		124385AD2BB83C0C00DB1ED4 /* Build configuration list for PBXNativeTarget "MainApp" */ = {
			isa = XCConfigurationList;
			buildConfigurations = (
				124385AE2BB83C0C00DB1ED4 /* Debug */,
				124385AF2BB83C0C00DB1ED4 /* Release */,
			);
			defaultConfigurationIsVisible = 0;
			defaultConfigurationName = Release;
		};
		124385B02BB83C0C00DB1ED4 /* Build configuration list for PBXNativeTarget "MainAppTests" */ = {
			isa = XCConfigurationList;
			buildConfigurations = (
				124385B12BB83C0C00DB1ED4 /* Debug */,
				124385B22BB83C0C00DB1ED4 /* Release */,
			);
			defaultConfigurationIsVisible = 0;
			defaultConfigurationName = Release;
		};
		124385B32BB83C0C00DB1ED4 /* Build configuration list for PBXNativeTarget "MainAppUITests" */ = {
			isa = XCConfigurationList;
			buildConfigurations = (
				124385B42BB83C0C00DB1ED4 /* Debug */,
				124385B52BB83C0C00DB1ED4 /* Release */,
			);
			defaultConfigurationIsVisible = 0;
			defaultConfigurationName = Release;
		};
/* End XCConfigurationList section */

/* Begin XCRemoteSwiftPackageReference section */
		124385B62BB83C5000DB1ED4 /* XCRemoteSwiftPackageReference "FindMyIP" */ = {
			isa = XCRemoteSwiftPackageReference;
			repositoryURL = "https://github.com/gouthamnarsinga/FindMyIP.git";
			requirement = {
				branch = main;
				kind = branch;
			};
		};
/* End XCRemoteSwiftPackageReference section */

/* Begin XCSwiftPackageProductDependency section */
		124385B72BB83C5000DB1ED4 /* FindMyIPLibrary */ = {
			isa = XCSwiftPackageProductDependency;
			package = 124385B62BB83C5000DB1ED4 /* XCRemoteSwiftPackageReference "FindMyIP" */;
			productName = FindMyIPLibrary;
		};
/* End XCSwiftPackageProductDependency section */
	};
	rootObject = 124385812BB83C0C00DB1ED4 /* Project object */;
}
